# This file is automatically @generated by Cargo.
# It is not intended for manual editing.
[[package]]
name = "autocfg"
version = "1.0.1"
source = "registry+https://github.com/rust-lang/crates.io-index"
checksum = "cdb031dd78e28731d87d56cc8ffef4a8f36ca26c38fe2de700543e627f8a464a"

[[package]]
name = "pin-project-lite"
version = "0.1.11"
source = "registry+https://github.com/rust-lang/crates.io-index"
checksum = "c917123afa01924fc84bb20c4c03f004d9c38e5127e3c039bbf7f4b9c76a2f6b"

[[package]]
name = "slab"
version = "0.4.2"
source = "registry+https://github.com/rust-lang/crates.io-index"
checksum = "c111b5bd5695e56cffe5129854aa230b39c93a305372fdbb2668ca2394eea9f8"

[[package]]
name = "spinach"
version = "0.1.0"
dependencies = [
 "tokio",
]

[[package]]
name = "tokio"
version = "0.3.3"
source = "registry+https://github.com/rust-lang/crates.io-index"
checksum = "e5ca08accbcb46f11fd8d2d1c6158c348b7888009a1f39260bcad66f6a454250"
dependencies = [
 "autocfg",
 "pin-project-lite",
 "slab",
]
